
Microsoft Visual Studio Solution File, Format Version 12.00
# Visual Studio Version 16
VisualStudioVersion = 16.0.30804.86
MinimumVisualStudioVersion = 10.0.40219.1
Project("{FAE04EC0-301F-11D3-BF4B-00C04F79EFBC}") = "AirplaneSurvival", "AirplaneSurvival\AirplaneSurvival.csproj", "{79ADCC41-3ED8-4D1E-9455-96027AF47372}"
EndProject
Global
	GlobalSection(SolutionConfigurationPlatforms) = preSolution
		Debug|Any CPU = Debug|Any CPU
		Release|Any CPU = Release|Any CPU
	EndGlobalSection
	GlobalSection(ProjectConfigurationPlatforms) = postSolution
		{79ADCC41-3ED8-4D1E-9455-96027AF47372}.Debug|Any CPU.ActiveCfg = Debug|Any CPU
		{79ADCC41-3ED8-4D1E-9455-96027AF47372}.Debug|Any CPU.Build.0 = Debug|Any CPU
		{79ADCC41-3ED8-4D1E-9455-96027AF47372}.Release|Any CPU.ActiveCfg = Release|Any CPU
		{79ADCC41-3ED8-4D1E-9455-96027AF47372}.Release|Any CPU.Build.0 = Release|Any CPU
	EndGlobalSection
	GlobalSection(SolutionProperties) = preSolution
		HideSolutionNode = FALSE
	EndGlobalSection
	GlobalSection(ExtensibilityGlobals) = postSolution
		SolutionGuid = {A31811C1-2EA4-4FBE-B112-56DF08C811ED}
	EndGlobalSection
EndGlobal
